golang.org/x/exp/errors v0.0.0-20181206211736-68cc7b1f272e h1:CeH8uuzRAvM0GCmkSIsIqzD9xqnC6HPOjU4AeTvqqJg=
golang.org/x/exp/errors v0.0.0-20181206211736-68cc7b1f272e/go.mod h1:YgqsNsAu4fTvlab/7uiYK9LJrCIzKg/NiZUIH1/ayqo=
golang.org/x/exp/errors v0.0.0-20190125153040-c74c464bbbf2 h1:LAPwrwBZfo9RT7dYM26+nqwySe9wLR6DAcFbQIDxtG4=
golang.org/x/exp/errors v0.0.0-20190125153040-c74c464bbbf2/go.mod h1:YgqsNsAu4fTvlab/7uiYK9LJrCIzKg/NiZUIH1/ayqo=
