golang.org/x/exp/errors v0.0.0-20181206211736-68cc7b1f272e h1:CeH8uuzRAvM0GCmkSIsIqzD9xqnC6HPOjU4AeTvqqJg=
golang.org/x/exp/errors v0.0.0-20181206211736-68cc7b1f272e/go.mod h1:YgqsNsAu4fTvlab/7uiYK9LJrCIzKg/NiZUIH1/ayqo=
golang.org/x/exp/errors v0.0.0-20181221233300-b68661188fbf h1:4SQtY0VxhI0RZe/PFmCCfHyaPVuC5DgyXEqehsAWjwc=
golang.org/x/exp/errors v0.0.0-20181221233300-b68661188fbf/go.mod h1:YgqsNsAu4fTvlab/7uiYK9LJrCIzKg/NiZUIH1/ayqo=
